
Microsoft Visual Studio Solution File, Format Version 12.00
# Visual Studio Version 17
VisualStudioVersion = 17.7.34031.279
MinimumVisualStudioVersion = 10.0.40219.1
Project("{FAE04EC0-301F-11D3-BF4B-00C04F79EFBC}") = "proje", "proje\proje.csproj", "{7DDB5021-2A89-49C6-86BD-2751BCA1309C}"
EndProject
Global
	GlobalSection(SolutionConfigurationPlatforms) = preSolution
		Debug|Any CPU = Debug|Any CPU
		Release|Any CPU = Release|Any CPU
	EndGlobalSection
	GlobalSection(ProjectConfigurationPlatforms) = postSolution
		{7DDB5021-2A89-49C6-86BD-2751BCA1309C}.Debug|Any CPU.ActiveCfg = Debug|Any CPU
		{7DDB5021-2A89-49C6-86BD-2751BCA1309C}.Debug|Any CPU.Build.0 = Debug|Any CPU
		{7DDB5021-2A89-49C6-86BD-2751BCA1309C}.Release|Any CPU.ActiveCfg = Release|Any CPU
		{7DDB5021-2A89-49C6-86BD-2751BCA1309C}.Release|Any CPU.Build.0 = Release|Any CPU
	EndGlobalSection
	GlobalSection(SolutionProperties) = preSolution
		HideSolutionNode = FALSE
	EndGlobalSection
	GlobalSection(ExtensibilityGlobals) = postSolution
		SolutionGuid = {E53F3352-AC6C-4116-8B8A-4CE5CC029511}
	EndGlobalSection
EndGlobal
